PODS:
  - NetworkResponseSpoofer (10.2.0):
    - NetworkResponseSpoofer/Core (= 10.2.0)
    - RealmSwift
  - NetworkResponseSpoofer/Core (10.2.0):
    - RealmSwift
  - NetworkResponseSpoofer/SpooferUI (10.2.0):
    - NetworkResponseSpoofer/Core
    - RealmSwift
  - Realm (10.7.0):
    - Realm/Headers (= 10.7.0)
  - Realm/Headers (10.7.0)
  - RealmSwift (10.7.0):
    - Realm (= 10.7.0)
  - SwiftGen (6.0.2)

DEPENDENCIES:
  - NetworkResponseSpoofer (from `../`)
  - NetworkResponseSpoofer/SpooferUI (from `../`)
  - RealmSwift (= 10.7.0)
  - SwiftGen (~> 6.0.0)

SPEC REPOS:
  https://github.com/CocoaPods/Specs.git:
    - Realm
    - RealmSwift
    - SwiftGen

EXTERNAL SOURCES:
  NetworkResponseSpoofer:
    :path: "../"

SPEC CHECKSUMS:
  NetworkResponseSpoofer: f4fe300e847d1c81b793a61bffc86c92a022f441
  Realm: a03c41a3afbda6c197ba4dfba5428b8b54cc2df4
  RealmSwift: 5e7abc842276d7fabd386e67afbf3efde54eb1c6
  SwiftGen: e5b047067aa84082826a0c4f1c4c2ddc95bcf74c

PODFILE CHECKSUM: c70586c79874ceb18603dab55cf3a11038e3a011

COCOAPODS: 1.10.1
