PODS:
  - APIResponseSpoofer (4.4.0):
    - APIResponseSpoofer/Core (= 4.4.0)
    - RealmSwift
  - APIResponseSpoofer/Core (4.4.0):
    - RealmSwift
  - APIResponseSpoofer/iOS-UI (4.4.0):
    - RealmSwift
  - Realm (2.7.0):
    - Realm/Headers (= 2.7.0)
  - Realm/Headers (2.7.0)
  - RealmSwift (2.7.0):
    - Realm (= 2.7.0)

DEPENDENCIES:
  - APIResponseSpoofer (from `../`)
  - APIResponseSpoofer/iOS-UI (from `../`)

EXTERNAL SOURCES:
  APIResponseSpoofer:
    :path: "../"

SPEC CHECKSUMS:
  APIResponseSpoofer: 77c5d5d5ce2cf2b6a9e6100dc2053f6f465a05a2
  Realm: 07e5d3a9e0e41d65fd5f9f05150ed6295d0f093b
  RealmSwift: 6d06425d3900c86473c4f323bf6949b43fca22bc

PODFILE CHECKSUM: 37dfb2af71c9e9c9def65c3c3f5d7b482551e641

COCOAPODS: 1.2.1
