PODS:
  - NetworkResponseSpoofer (8.0.0):
    - NetworkResponseSpoofer/Core (= 8.0.0)
    - RealmSwift
  - NetworkResponseSpoofer/Core (8.0.0):
    - RealmSwift
  - NetworkResponseSpoofer/iOS-UI (8.0.0):
    - RealmSwift
  - Realm (3.11.1):
    - Realm/Headers (= 3.11.1)
  - Realm/Headers (3.11.1)
  - RealmSwift (3.11.1):
    - Realm (= 3.11.1)

DEPENDENCIES:
  - NetworkResponseSpoofer (from `../`)
  - NetworkResponseSpoofer/iOS-UI (from `../`)

SPEC REPOS:
  https://github.com/cocoapods/specs.git:
    - Realm
    - RealmSwift

EXTERNAL SOURCES:
  NetworkResponseSpoofer:
    :path: "../"

SPEC CHECKSUMS:
  NetworkResponseSpoofer: 9bc92919150149cfe844de93a446f9e34b130ca9
  Realm: 037c5919b9ceb59d6beed5d3b031096856b119b3
  RealmSwift: c9580133e73ef40ed340401af2dbc9a5790dfea7

PODFILE CHECKSUM: bee8a8c00fb95a6d8b9bbc220ff08838ab14f6e2

COCOAPODS: 1.5.3
