// !$*UTF8*$!
{
	archiveVersion = 1;
	classes = {
	};
	objectVersion = 46;
	objects = {

/* Begin PBXBuildFile section */
		410489C21C99D94800E99745 /* Constants.swift in Sources */ = {isa = PBXBuildFile; fileRef = 410489C11C99D94800E99745 /* Constants.swift */; };
		411913251D2369F500D3FB6E /* NetworkInterceptable.swift in Sources */ = {isa = PBXBuildFile; fileRef = 411913241D2369F500D3FB6E /* NetworkInterceptable.swift */; };
		411A357A1BC74A7D001D128D /* DataTests.swift in Sources */ = {isa = PBXBuildFile; fileRef = 411A35791BC74A7D001D128D /* DataTests.swift */; };
		411A357C1BC74A7D001D128D /* APIResponseSpoofer.framework in Frameworks */ = {isa = PBXBuildFile; fileRef = 4147EA4D1B684D7E001DE517 /* APIResponseSpoofer.framework */; settings = {ATTRIBUTES = (Required, ); }; };
		411E3DF31DDAA7B500686BA2 /* Spoofer.storyboard in Resources */ = {isa = PBXBuildFile; fileRef = 412A7BB01BC9DF74002E9FF2 /* Spoofer.storyboard */; };
		4131B8ED1B6DEEB700EAFE04 /* SpooferReplayer.swift in Sources */ = {isa = PBXBuildFile; fileRef = 4131B8EC1B6DEEB700EAFE04 /* SpooferReplayer.swift */; };
		4147EA531B684D7E001DE517 /* APIResponseSpoofer.h in Headers */ = {isa = PBXBuildFile; fileRef = 4147EA521B684D7E001DE517 /* APIResponseSpoofer.h */; settings = {ATTRIBUTES = (Public, ); }; };
		4147EA6A1B684DBD001DE517 /* Spoofer.swift in Sources */ = {isa = PBXBuildFile; fileRef = 4147EA691B684DBD001DE517 /* Spoofer.swift */; };
		4147EA6C1B684F15001DE517 /* SpooferRecorder.swift in Sources */ = {isa = PBXBuildFile; fileRef = 4147EA6B1B684F15001DE517 /* SpooferRecorder.swift */; };
		41570A7C1DD6F57A0098C2FF /* URLTests.swift in Sources */ = {isa = PBXBuildFile; fileRef = 41570A7A1DD6F5290098C2FF /* URLTests.swift */; };
		41570A7E1DD6F5A20098C2FF /* TestingConstants.swift in Sources */ = {isa = PBXBuildFile; fileRef = 41570A7D1DD6F5A20098C2FF /* TestingConstants.swift */; };
		41570A801DD6F6570098C2FF /* MiscTests.swift in Sources */ = {isa = PBXBuildFile; fileRef = 41570A7F1DD6F6570098C2FF /* MiscTests.swift */; };
		4157440F1DD2426F000F4571 /* SpooferState.swift in Sources */ = {isa = PBXBuildFile; fileRef = 4157440E1DD2426F000F4571 /* SpooferState.swift */; };
		4172EF2C1D24C2D4006E44C9 /* URLSessionConfigurationExtension.swift in Sources */ = {isa = PBXBuildFile; fileRef = 4172EF2B1D24C2D4006E44C9 /* URLSessionConfigurationExtension.swift */; };
		4180391E1BCB73FE004E1534 /* Utility.swift in Sources */ = {isa = PBXBuildFile; fileRef = 4180391D1BCB73FE004E1534 /* Utility.swift */; };
		419430B21DDA96E700DA65AF /* APIResponseSpoofer iOS UI.h in Headers */ = {isa = PBXBuildFile; fileRef = 419430B01DDA96E700DA65AF /* APIResponseSpoofer iOS UI.h */; settings = {ATTRIBUTES = (Public, ); }; };
		419430B61DDA970800DA65AF /* EditSettingsViewController.swift in Sources */ = {isa = PBXBuildFile; fileRef = 4123E81E1C9A0ED700C7FB32 /* EditSettingsViewController.swift */; };
		419430B71DDA970800DA65AF /* ResponseListController.swift in Sources */ = {isa = PBXBuildFile; fileRef = 416322321BF67E9400F9E67A /* ResponseListController.swift */; };
		419430B81DDA970800DA65AF /* ScenarioListController.swift in Sources */ = {isa = PBXBuildFile; fileRef = 412A7B861BC9D1FE002E9FF2 /* ScenarioListController.swift */; };
		419430B91DDA970800DA65AF /* SettingsViewController.swift in Sources */ = {isa = PBXBuildFile; fileRef = 41D4AF2F1C98EAF00086AEB2 /* SettingsViewController.swift */; };
		419430BA1DDA971200DA65AF /* SwitchWithTextTableViewCell.swift in Sources */ = {isa = PBXBuildFile; fileRef = 410489C81C99DD4200E99745 /* SwitchWithTextTableViewCell.swift */; };
		419430BD1DDA974800DA65AF /* SwitchWithTextViewModel.swift in Sources */ = {isa = PBXBuildFile; fileRef = 410489CA1C99DDA100E99745 /* SwitchWithTextViewModel.swift */; };
		419430C11DDAA21E00DA65AF /* SpooferUI.swift in Sources */ = {isa = PBXBuildFile; fileRef = 419430C01DDAA21E00DA65AF /* SpooferUI.swift */; };
		419430C21DDAA25700DA65AF /* Spoofer.swift in Sources */ = {isa = PBXBuildFile; fileRef = 4147EA691B684DBD001DE517 /* Spoofer.swift */; };
		419430C31DDAA2E900DA65AF /* SpooferRecorder.swift in Sources */ = {isa = PBXBuildFile; fileRef = 4147EA6B1B684F15001DE517 /* SpooferRecorder.swift */; };
		419430C41DDAA2F800DA65AF /* NetworkInterceptable.swift in Sources */ = {isa = PBXBuildFile; fileRef = 411913241D2369F500D3FB6E /* NetworkInterceptable.swift */; };
		419430C51DDAA30B00DA65AF /* URLExtension.swift in Sources */ = {isa = PBXBuildFile; fileRef = 41DFB3E81B70252C00038958 /* URLExtension.swift */; };
		419430C61DDAA3E100DA65AF /* Constants.swift in Sources */ = {isa = PBXBuildFile; fileRef = 410489C11C99D94800E99745 /* Constants.swift */; };
		419430C71DDAA40300DA65AF /* URLSessionConfigurationExtension.swift in Sources */ = {isa = PBXBuildFile; fileRef = 4172EF2B1D24C2D4006E44C9 /* URLSessionConfigurationExtension.swift */; };
		419430C91DDAA41E00DA65AF /* DataStore.swift in Sources */ = {isa = PBXBuildFile; fileRef = 41F879FC1DC96B5800B457F4 /* DataStore.swift */; };
		419430CC1DDAA4DE00DA65AF /* SpooferStateManager.swift in Sources */ = {isa = PBXBuildFile; fileRef = 41E62FE31DD2ACA500ECC06F /* SpooferStateManager.swift */; };
		419430CD1DDAA4F300DA65AF /* Result.swift in Sources */ = {isa = PBXBuildFile; fileRef = 41F879FE1DC96BE900B457F4 /* Result.swift */; };
		419430CE1DDAA50A00DA65AF /* SpooferState.swift in Sources */ = {isa = PBXBuildFile; fileRef = 4157440E1DD2426F000F4571 /* SpooferState.swift */; };
		419430CF1DDAA51A00DA65AF /* APIResponse.swift in Sources */ = {isa = PBXBuildFile; fileRef = 41AA10EB1DC1358000860295 /* APIResponse.swift */; };
		419430D01DDAA51D00DA65AF /* ResponseHeaderItem.swift in Sources */ = {isa = PBXBuildFile; fileRef = 41F87A001DCA547A00B457F4 /* ResponseHeaderItem.swift */; };
		419430D11DDAA52000DA65AF /* Scenario.swift in Sources */ = {isa = PBXBuildFile; fileRef = 41E04BB31DC41F3900AD8261 /* Scenario.swift */; };
		419430D21DDAA53400DA65AF /* SpooferReplayer.swift in Sources */ = {isa = PBXBuildFile; fileRef = 4131B8EC1B6DEEB700EAFE04 /* SpooferReplayer.swift */; };
		419430D31DDAA54200DA65AF /* Utility.swift in Sources */ = {isa = PBXBuildFile; fileRef = 4180391D1BCB73FE004E1534 /* Utility.swift */; };
		419430D41DDAA56100DA65AF /* Swizzler.swift in Sources */ = {isa = PBXBuildFile; fileRef = 41B1D1301D2428F000CB450E /* Swizzler.swift */; };
		419430D51DDAA59200DA65AF /* Spoofer+Record.swift in Sources */ = {isa = PBXBuildFile; fileRef = 41C012C91BF3F088004E54DF /* Spoofer+Record.swift */; };
		419430D61DDAA59200DA65AF /* Spoofer+Replay.swift in Sources */ = {isa = PBXBuildFile; fileRef = 41C012CC1BF3F09C004E54DF /* Spoofer+Replay.swift */; };
		419430DA1DDAA67B00DA65AF /* UIProtocols.swift in Sources */ = {isa = PBXBuildFile; fileRef = 419430D81DDAA67B00DA65AF /* UIProtocols.swift */; };
		419430DB1DDAA67B00DA65AF /* UITableViewCell.swift in Sources */ = {isa = PBXBuildFile; fileRef = 419430D91DDAA67B00DA65AF /* UITableViewCell.swift */; };
		41AA10EC1DC1358000860295 /* APIResponse.swift in Sources */ = {isa = PBXBuildFile; fileRef = 41AA10EB1DC1358000860295 /* APIResponse.swift */; };
		41B1D1311D2428F000CB450E /* Swizzler.swift in Sources */ = {isa = PBXBuildFile; fileRef = 41B1D1301D2428F000CB450E /* Swizzler.swift */; };
		41C012CA1BF3F088004E54DF /* Spoofer+Record.swift in Sources */ = {isa = PBXBuildFile; fileRef = 41C012C91BF3F088004E54DF /* Spoofer+Record.swift */; };
		41C012CD1BF3F09C004E54DF /* Spoofer+Replay.swift in Sources */ = {isa = PBXBuildFile; fileRef = 41C012CC1BF3F09C004E54DF /* Spoofer+Replay.swift */; };
		41DFB3E91B70252C00038958 /* URLExtension.swift in Sources */ = {isa = PBXBuildFile; fileRef = 41DFB3E81B70252C00038958 /* URLExtension.swift */; };
		41E04BB41DC41F3900AD8261 /* Scenario.swift in Sources */ = {isa = PBXBuildFile; fileRef = 41E04BB31DC41F3900AD8261 /* Scenario.swift */; };
		41E62FE41DD2ACA500ECC06F /* SpooferStateManager.swift in Sources */ = {isa = PBXBuildFile; fileRef = 41E62FE31DD2ACA500ECC06F /* SpooferStateManager.swift */; };
		41F879FD1DC96B5800B457F4 /* DataStore.swift in Sources */ = {isa = PBXBuildFile; fileRef = 41F879FC1DC96B5800B457F4 /* DataStore.swift */; };
		41F879FF1DC96BE900B457F4 /* Result.swift in Sources */ = {isa = PBXBuildFile; fileRef = 41F879FE1DC96BE900B457F4 /* Result.swift */; };
		41F87A011DCA547A00B457F4 /* ResponseHeaderItem.swift in Sources */ = {isa = PBXBuildFile; fileRef = 41F87A001DCA547A00B457F4 /* ResponseHeaderItem.swift */; };
/* End PBXBuildFile section */

/* Begin PBXContainerItemProxy section */
		411A357D1BC74A7D001D128D /* PBXContainerItemProxy */ = {
			isa = PBXContainerItemProxy;
			containerPortal = 4147EA441B684D7E001DE517 /* Project object */;
			proxyType = 1;
			remoteGlobalIDString = 4147EA4C1B684D7E001DE517;
			remoteInfo = APIResponseSpoofer;
		};
/* End PBXContainerItemProxy section */

/* Begin PBXFileReference section */
		410489C11C99D94800E99745 /* Constants.swift */ = {isa = PBXFileReference; fileEncoding = 4; lastKnownFileType = sourcecode.swift; path = Constants.swift; sourceTree = "<group>"; };
		410489C81C99DD4200E99745 /* SwitchWithTextTableViewCell.swift */ = {isa = PBXFileReference; fileEncoding = 4; lastKnownFileType = sourcecode.swift; path = SwitchWithTextTableViewCell.swift; sourceTree = "<group>"; };
		410489CA1C99DDA100E99745 /* SwitchWithTextViewModel.swift */ = {isa = PBXFileReference; fileEncoding = 4; lastKnownFileType = sourcecode.swift; path = SwitchWithTextViewModel.swift; sourceTree = "<group>"; };
		411913241D2369F500D3FB6E /* NetworkInterceptable.swift */ = {isa = PBXFileReference; fileEncoding = 4; lastKnownFileType = sourcecode.swift; path = NetworkInterceptable.swift; sourceTree = "<group>"; };
		411A35771BC74A7D001D128D /* APIResponseSpooferTests.xctest */ = {isa = PBXFileReference; explicitFileType = wrapper.cfbundle; includeInIndex = 0; path = APIResponseSpooferTests.xctest; sourceTree = BUILT_PRODUCTS_DIR; };
		411A35791BC74A7D001D128D /* DataTests.swift */ = {isa = PBXFileReference; lastKnownFileType = sourcecode.swift; path = DataTests.swift; sourceTree = "<group>"; };
		411A357B1BC74A7D001D128D /* TestsInfo.plist */ = {isa = PBXFileReference; lastKnownFileType = text.plist.xml; path = TestsInfo.plist; sourceTree = "<group>"; };
		4123E81E1C9A0ED700C7FB32 /* EditSettingsViewController.swift */ = {isa = PBXFileReference; fileEncoding = 4; lastKnownFileType = sourcecode.swift; path = EditSettingsViewController.swift; sourceTree = "<group>"; };
		412A7B861BC9D1FE002E9FF2 /* ScenarioListController.swift */ = {isa = PBXFileReference; fileEncoding = 4; lastKnownFileType = sourcecode.swift; path = ScenarioListController.swift; sourceTree = "<group>"; };
		412A7BB01BC9DF74002E9FF2 /* Spoofer.storyboard */ = {isa = PBXFileReference; fileEncoding = 4; lastKnownFileType = file.storyboard; path = Spoofer.storyboard; sourceTree = "<group>"; };
		4131B8EC1B6DEEB700EAFE04 /* SpooferReplayer.swift */ = {isa = PBXFileReference; fileEncoding = 4; lastKnownFileType = sourcecode.swift; path = SpooferReplayer.swift; sourceTree = "<group>"; };
		4137B6111BD87837005AF53E /* README.md */ = {isa = PBXFileReference; fileEncoding = 4; lastKnownFileType = net.daringfireball.markdown; path = README.md; sourceTree = "<group>"; };
		4147EA4D1B684D7E001DE517 /* APIResponseSpoofer.framework */ = {isa = PBXFileReference; explicitFileType = wrapper.framework; includeInIndex = 0; path = APIResponseSpoofer.framework; sourceTree = BUILT_PRODUCTS_DIR; };
		4147EA511B684D7E001DE517 /* Info.plist */ = {isa = PBXFileReference; lastKnownFileType = text.plist.xml; path = Info.plist; sourceTree = "<group>"; };
		4147EA521B684D7E001DE517 /* APIResponseSpoofer.h */ = {isa = PBXFileReference; lastKnownFileType = sourcecode.c.h; path = APIResponseSpoofer.h; sourceTree = "<group>"; };
		4147EA691B684DBD001DE517 /* Spoofer.swift */ = {isa = PBXFileReference; fileEncoding = 4; lastKnownFileType = sourcecode.swift; path = Spoofer.swift; sourceTree = "<group>"; };
		4147EA6B1B684F15001DE517 /* SpooferRecorder.swift */ = {isa = PBXFileReference; fileEncoding = 4; lastKnownFileType = sourcecode.swift; path = SpooferRecorder.swift; sourceTree = "<group>"; };
		4150B4A91DDAEAF2001A168C /* Carthage.xcconfig */ = {isa = PBXFileReference; lastKnownFileType = text.xcconfig; path = Carthage.xcconfig; sourceTree = "<group>"; };
		41570A7A1DD6F5290098C2FF /* URLTests.swift */ = {isa = PBXFileReference; fileEncoding = 4; lastKnownFileType = sourcecode.swift; path = URLTests.swift; sourceTree = "<group>"; };
		41570A7D1DD6F5A20098C2FF /* TestingConstants.swift */ = {isa = PBXFileReference; fileEncoding = 4; lastKnownFileType = sourcecode.swift; path = TestingConstants.swift; sourceTree = "<group>"; };
		41570A7F1DD6F6570098C2FF /* MiscTests.swift */ = {isa = PBXFileReference; fileEncoding = 4; lastKnownFileType = sourcecode.swift; path = MiscTests.swift; sourceTree = "<group>"; };
		4157440E1DD2426F000F4571 /* SpooferState.swift */ = {isa = PBXFileReference; fileEncoding = 4; lastKnownFileType = sourcecode.swift; path = SpooferState.swift; sourceTree = "<group>"; };
		416322321BF67E9400F9E67A /* ResponseListController.swift */ = {isa = PBXFileReference; fileEncoding = 4; lastKnownFileType = sourcecode.swift; path = ResponseListController.swift; sourceTree = "<group>"; };
		4172EF2B1D24C2D4006E44C9 /* URLSessionConfigurationExtension.swift */ = {isa = PBXFileReference; fileEncoding = 4; lastKnownFileType = sourcecode.swift; path = URLSessionConfigurationExtension.swift; sourceTree = "<group>"; };
		4180391D1BCB73FE004E1534 /* Utility.swift */ = {isa = PBXFileReference; fileEncoding = 4; lastKnownFileType = sourcecode.swift; path = Utility.swift; sourceTree = "<group>"; };
		419430AE1DDA96E700DA65AF /* APIResponseSpoofer_iOS_UI.framework */ = {isa = PBXFileReference; explicitFileType = wrapper.framework; includeInIndex = 0; path = APIResponseSpoofer_iOS_UI.framework; sourceTree = BUILT_PRODUCTS_DIR; };
		419430B01DDA96E700DA65AF /* APIResponseSpoofer iOS UI.h */ = {isa = PBXFileReference; lastKnownFileType = sourcecode.c.h; name = "APIResponseSpoofer iOS UI.h"; path = "../Supporting Files/iOS UI/APIResponseSpoofer iOS UI.h"; sourceTree = "<group>"; };
		419430B11DDA96E700DA65AF /* Info.plist */ = {isa = PBXFileReference; lastKnownFileType = text.plist.xml; name = Info.plist; path = "../Supporting Files/iOS UI/Info.plist"; sourceTree = "<group>"; };
		419430C01DDAA21E00DA65AF /* SpooferUI.swift */ = {isa = PBXFileReference; fileEncoding = 4; lastKnownFileType = sourcecode.swift; path = SpooferUI.swift; sourceTree = "<group>"; };
		419430D81DDAA67B00DA65AF /* UIProtocols.swift */ = {isa = PBXFileReference; fileEncoding = 4; lastKnownFileType = sourcecode.swift; path = UIProtocols.swift; sourceTree = "<group>"; };
		419430D91DDAA67B00DA65AF /* UITableViewCell.swift */ = {isa = PBXFileReference; fileEncoding = 4; lastKnownFileType = sourcecode.swift; path = UITableViewCell.swift; sourceTree = "<group>"; };
		41AA10EB1DC1358000860295 /* APIResponse.swift */ = {isa = PBXFileReference; fileEncoding = 4; lastKnownFileType = sourcecode.swift; path = APIResponse.swift; sourceTree = "<group>"; };
		41B1D1301D2428F000CB450E /* Swizzler.swift */ = {isa = PBXFileReference; fileEncoding = 4; lastKnownFileType = sourcecode.swift; path = Swizzler.swift; sourceTree = "<group>"; };
		41C012C91BF3F088004E54DF /* Spoofer+Record.swift */ = {isa = PBXFileReference; fileEncoding = 4; lastKnownFileType = sourcecode.swift; path = "Spoofer+Record.swift"; sourceTree = "<group>"; };
		41C012CC1BF3F09C004E54DF /* Spoofer+Replay.swift */ = {isa = PBXFileReference; fileEncoding = 4; lastKnownFileType = sourcecode.swift; path = "Spoofer+Replay.swift"; sourceTree = "<group>"; };
		41D4AF2F1C98EAF00086AEB2 /* SettingsViewController.swift */ = {isa = PBXFileReference; fileEncoding = 4; lastKnownFileType = sourcecode.swift; path = SettingsViewController.swift; sourceTree = "<group>"; };
		41DFB3E81B70252C00038958 /* URLExtension.swift */ = {isa = PBXFileReference; fileEncoding = 4; lastKnownFileType = sourcecode.swift; path = URLExtension.swift; sourceTree = "<group>"; };
		41E04BB31DC41F3900AD8261 /* Scenario.swift */ = {isa = PBXFileReference; fileEncoding = 4; lastKnownFileType = sourcecode.swift; path = Scenario.swift; sourceTree = "<group>"; };
		41E62FE31DD2ACA500ECC06F /* SpooferStateManager.swift */ = {isa = PBXFileReference; fileEncoding = 4; lastKnownFileType = sourcecode.swift; path = SpooferStateManager.swift; sourceTree = "<group>"; };
		41F879FC1DC96B5800B457F4 /* DataStore.swift */ = {isa = PBXFileReference; fileEncoding = 4; lastKnownFileType = sourcecode.swift; path = DataStore.swift; sourceTree = "<group>"; };
		41F879FE1DC96BE900B457F4 /* Result.swift */ = {isa = PBXFileReference; fileEncoding = 4; lastKnownFileType = sourcecode.swift; path = Result.swift; sourceTree = "<group>"; };
		41F87A001DCA547A00B457F4 /* ResponseHeaderItem.swift */ = {isa = PBXFileReference; fileEncoding = 4; lastKnownFileType = sourcecode.swift; path = ResponseHeaderItem.swift; sourceTree = "<group>"; };
/* End PBXFileReference section */

/* Begin PBXFrameworksBuildPhase section */
		411A35741BC74A7D001D128D /* Frameworks */ = {
			isa = PBXFrameworksBuildPhase;
			buildActionMask = 2147483647;
			files = (
				411A357C1BC74A7D001D128D /* APIResponseSpoofer.framework in Frameworks */,
			);
			runOnlyForDeploymentPostprocessing = 0;
		};
		4147EA491B684D7E001DE517 /* Frameworks */ = {
			isa = PBXFrameworksBuildPhase;
			buildActionMask = 2147483647;
			files = (
			);
			runOnlyForDeploymentPostprocessing = 0;
		};
		419430AA1DDA96E700DA65AF /* Frameworks */ = {
			isa = PBXFrameworksBuildPhase;
			buildActionMask = 2147483647;
			files = (
			);
			runOnlyForDeploymentPostprocessing = 0;
		};
/* End PBXFrameworksBuildPhase section */

/* Begin PBXGroup section */
		410489C41C99DCD000E99745 /* ViewModel */ = {
			isa = PBXGroup;
			children = (
				410489CA1C99DDA100E99745 /* SwitchWithTextViewModel.swift */,
			);
			path = ViewModel;
			sourceTree = "<group>";
		};
		411A35781BC74A7D001D128D /* Tests */ = {
			isa = PBXGroup;
			children = (
				411A35791BC74A7D001D128D /* DataTests.swift */,
				41570A7F1DD6F6570098C2FF /* MiscTests.swift */,
				41570A7D1DD6F5A20098C2FF /* TestingConstants.swift */,
				41570A7A1DD6F5290098C2FF /* URLTests.swift */,
			);
			path = Tests;
			sourceTree = "<group>";
		};
		412A7B881BC9D20A002E9FF2 /* Controller */ = {
			isa = PBXGroup;
			children = (
				4123E81E1C9A0ED700C7FB32 /* EditSettingsViewController.swift */,
				416322321BF67E9400F9E67A /* ResponseListController.swift */,
				412A7B861BC9D1FE002E9FF2 /* ScenarioListController.swift */,
				41D4AF2F1C98EAF00086AEB2 /* SettingsViewController.swift */,
			);
			path = Controller;
			sourceTree = "<group>";
		};
		4131B8F21B6EA6F400EAFE04 /* Protocol */ = {
			isa = PBXGroup;
			children = (
				415CB1871C9B14A600827A0B /* Networking */,
			);
			path = Protocol;
			sourceTree = "<group>";
		};
		413D55EA1DCA8CDB00A5E084 /* Models */ = {
			isa = PBXGroup;
			children = (
				41AA10EB1DC1358000860295 /* APIResponse.swift */,
				41F87A001DCA547A00B457F4 /* ResponseHeaderItem.swift */,
				41E04BB31DC41F3900AD8261 /* Scenario.swift */,
			);
			path = Models;
			sourceTree = "<group>";
		};
		4147EA431B684D7E001DE517 = {
			isa = PBXGroup;
			children = (
				4147EA4F1B684D7E001DE517 /* Source */,
				411A35781BC74A7D001D128D /* Tests */,
				4147EA501B684D7E001DE517 /* Supporting Files */,
				4147EA4E1B684D7E001DE517 /* Products */,
			);
			sourceTree = "<group>";
		};
		4147EA4E1B684D7E001DE517 /* Products */ = {
			isa = PBXGroup;
			children = (
				4147EA4D1B684D7E001DE517 /* APIResponseSpoofer.framework */,
				411A35771BC74A7D001D128D /* APIResponseSpooferTests.xctest */,
				419430AE1DDA96E700DA65AF /* APIResponseSpoofer_iOS_UI.framework */,
			);
			name = Products;
			sourceTree = "<group>";
		};
		4147EA4F1B684D7E001DE517 /* Source */ = {
			isa = PBXGroup;
			children = (
				415CB1891C9B14EA00827A0B /* Core */,
				419430BE1DDAA10800DA65AF /* iOS UI */,
			);
			path = Source;
			sourceTree = "<group>";
		};
		4147EA501B684D7E001DE517 /* Supporting Files */ = {
			isa = PBXGroup;
			children = (
				419430AF1DDA96E700DA65AF /* iOS UI */,
				4147EA521B684D7E001DE517 /* APIResponseSpoofer.h */,
				4150B4A91DDAEAF2001A168C /* Carthage.xcconfig */,
				4147EA511B684D7E001DE517 /* Info.plist */,
				4137B6111BD87837005AF53E /* README.md */,
				411A357B1BC74A7D001D128D /* TestsInfo.plist */,
			);
			path = "Supporting Files";
			sourceTree = "<group>";
		};
		415CB1871C9B14A600827A0B /* Networking */ = {
			isa = PBXGroup;
			children = (
				411913241D2369F500D3FB6E /* NetworkInterceptable.swift */,
				4147EA6B1B684F15001DE517 /* SpooferRecorder.swift */,
				4131B8EC1B6DEEB700EAFE04 /* SpooferReplayer.swift */,
			);
			path = Networking;
			sourceTree = "<group>";
		};
		415CB1881C9B14C900827A0B /* View */ = {
			isa = PBXGroup;
			children = (
				412A7BB01BC9DF74002E9FF2 /* Spoofer.storyboard */,
				410489C81C99DD4200E99745 /* SwitchWithTextTableViewCell.swift */,
			);
			path = View;
			sourceTree = "<group>";
		};
		415CB1891C9B14EA00827A0B /* Core */ = {
			isa = PBXGroup;
			children = (
				416453A71B7027A400615A39 /* Extension */,
				4180391F1BCB7408004E1534 /* Miscellaneous */,
				4131B8F21B6EA6F400EAFE04 /* Protocol */,
				41BFEC881DC1142C006DC5D4 /* Realm */,
				41E62FE21DD2AC8D00ECC06F /* StateManagement */,
				41C012C91BF3F088004E54DF /* Spoofer+Record.swift */,
				41C012CC1BF3F09C004E54DF /* Spoofer+Replay.swift */,
				4147EA691B684DBD001DE517 /* Spoofer.swift */,
			);
			path = Core;
			sourceTree = "<group>";
		};
		416453A71B7027A400615A39 /* Extension */ = {
			isa = PBXGroup;
			children = (
				41DFB3E81B70252C00038958 /* URLExtension.swift */,
				4172EF2B1D24C2D4006E44C9 /* URLSessionConfigurationExtension.swift */,
			);
			path = Extension;
			sourceTree = "<group>";
		};
		4180391F1BCB7408004E1534 /* Miscellaneous */ = {
			isa = PBXGroup;
			children = (
				410489C11C99D94800E99745 /* Constants.swift */,
				41F879FE1DC96BE900B457F4 /* Result.swift */,
				41B1D1301D2428F000CB450E /* Swizzler.swift */,
				4180391D1BCB73FE004E1534 /* Utility.swift */,
			);
			path = Miscellaneous;
			sourceTree = "<group>";
		};
		419430AF1DDA96E700DA65AF /* iOS UI */ = {
			isa = PBXGroup;
			children = (
				419430B01DDA96E700DA65AF /* APIResponseSpoofer iOS UI.h */,
				419430B11DDA96E700DA65AF /* Info.plist */,
			);
			name = "iOS UI";
			path = "../APIResponseSpoofer iOS UI";
			sourceTree = "<group>";
		};
		419430BE1DDAA10800DA65AF /* iOS UI */ = {
			isa = PBXGroup;
			children = (
				412A7B881BC9D20A002E9FF2 /* Controller */,
				419430BF1DDAA19F00DA65AF /* Protocols */,
				415CB1881C9B14C900827A0B /* View */,
				410489C41C99DCD000E99745 /* ViewModel */,
				419430C01DDAA21E00DA65AF /* SpooferUI.swift */,
			);
			path = "iOS UI";
			sourceTree = "<group>";
		};
		419430BF1DDAA19F00DA65AF /* Protocols */ = {
			isa = PBXGroup;
			children = (
				419430D81DDAA67B00DA65AF /* UIProtocols.swift */,
				419430D91DDAA67B00DA65AF /* UITableViewCell.swift */,
			);
			path = Protocols;
			sourceTree = "<group>";
		};
		41BFEC881DC1142C006DC5D4 /* Realm */ = {
			isa = PBXGroup;
			children = (
				413D55EA1DCA8CDB00A5E084 /* Models */,
				41F879FC1DC96B5800B457F4 /* DataStore.swift */,
			);
			path = Realm;
			sourceTree = "<group>";
		};
		41E62FE21DD2AC8D00ECC06F /* StateManagement */ = {
			isa = PBXGroup;
			children = (
				4157440E1DD2426F000F4571 /* SpooferState.swift */,
				41E62FE31DD2ACA500ECC06F /* SpooferStateManager.swift */,
			);
			path = StateManagement;
			sourceTree = "<group>";
		};
/* End PBXGroup section */

/* Begin PBXHeadersBuildPhase section */
		4147EA4A1B684D7E001DE517 /* Headers */ = {
			isa = PBXHeadersBuildPhase;
			buildActionMask = 2147483647;
			files = (
				4147EA531B684D7E001DE517 /* APIResponseSpoofer.h in Headers */,
			);
			runOnlyForDeploymentPostprocessing = 0;
		};
		419430AB1DDA96E700DA65AF /* Headers */ = {
			isa = PBXHeadersBuildPhase;
			buildActionMask = 2147483647;
			files = (
				419430B21DDA96E700DA65AF /* APIResponseSpoofer iOS UI.h in Headers */,
			);
			runOnlyForDeploymentPostprocessing = 0;
		};
/* End PBXHeadersBuildPhase section */

/* Begin PBXNativeTarget section */
		411A35761BC74A7D001D128D /* APIResponseSpooferTests */ = {
			isa = PBXNativeTarget;
			buildConfigurationList = 411A357F1BC74A7D001D128D /* Build configuration list for PBXNativeTarget "APIResponseSpooferTests" */;
			buildPhases = (
				411A35731BC74A7D001D128D /* Sources */,
				411A35741BC74A7D001D128D /* Frameworks */,
				411A35751BC74A7D001D128D /* Resources */,
				41BF2E4F1DCC012D00F26AC7 /* Carthage Copy Frameworks */,
			);
			buildRules = (
			);
			dependencies = (
				411A357E1BC74A7D001D128D /* PBXTargetDependency */,
			);
			name = APIResponseSpooferTests;
			productName = APIResponseSpooferTests;
			productReference = 411A35771BC74A7D001D128D /* APIResponseSpooferTests.xctest */;
			productType = "com.apple.product-type.bundle.unit-test";
		};
		4147EA4C1B684D7E001DE517 /* APIResponseSpoofer */ = {
			isa = PBXNativeTarget;
			buildConfigurationList = 4147EA631B684D7E001DE517 /* Build configuration list for PBXNativeTarget "APIResponseSpoofer" */;
			buildPhases = (
				415CB18D1C9B3B8E00827A0B /* Elevate TODO's to Warnings */,
				4147EA481B684D7E001DE517 /* Sources */,
				4147EA491B684D7E001DE517 /* Frameworks */,
				4147EA4A1B684D7E001DE517 /* Headers */,
				4147EA4B1B684D7E001DE517 /* Resources */,
				41BF2E451DCBC82E00F26AC7 /* Carthage Copy Frameworks */,
			);
			buildRules = (
			);
			dependencies = (
			);
			name = APIResponseSpoofer;
			productName = APIResponseSpoofer;
			productReference = 4147EA4D1B684D7E001DE517 /* APIResponseSpoofer.framework */;
			productType = "com.apple.product-type.framework";
		};
		419430AD1DDA96E700DA65AF /* APIResponseSpoofer iOS UI */ = {
			isa = PBXNativeTarget;
			buildConfigurationList = 419430B51DDA96E700DA65AF /* Build configuration list for PBXNativeTarget "APIResponseSpoofer iOS UI" */;
			buildPhases = (
				419430A91DDA96E700DA65AF /* Sources */,
				419430AA1DDA96E700DA65AF /* Frameworks */,
				419430AB1DDA96E700DA65AF /* Headers */,
				419430AC1DDA96E700DA65AF /* Resources */,
				411E3DF41DDAA7DE00686BA2 /* Carthage Copy Frameworks */,
			);
			buildRules = (
			);
			dependencies = (
			);
			name = "APIResponseSpoofer iOS UI";
			productName = "APIResponseSpoofer iOS UI";
			productReference = 419430AE1DDA96E700DA65AF /* APIResponseSpoofer_iOS_UI.framework */;
			productType = "com.apple.product-type.framework";
		};
/* End PBXNativeTarget section */

/* Begin PBXProject section */
		4147EA441B684D7E001DE517 /* Project object */ = {
			isa = PBXProject;
			attributes = {
				LastSwiftMigration = 0700;
				LastSwiftUpdateCheck = 0700;
				LastUpgradeCheck = 0810;
				ORGANIZATIONNAME = Hotwire;
				TargetAttributes = {
					411A35761BC74A7D001D128D = {
						CreatedOnToolsVersion = 7.0.1;
						DevelopmentTeam = H898Y42WAX;
						LastSwiftMigration = 0800;
						ProvisioningStyle = Automatic;
					};
					4147EA4C1B684D7E001DE517 = {
						CreatedOnToolsVersion = 6.4;
						LastSwiftMigration = 0800;
					};
					419430AD1DDA96E700DA65AF = {
						CreatedOnToolsVersion = 8.1;
						DevelopmentTeam = H898Y42WAX;
						ProvisioningStyle = Automatic;
					};
				};
			};
			buildConfigurationList = 4147EA471B684D7E001DE517 /* Build configuration list for PBXProject "APIResponseSpoofer" */;
			compatibilityVersion = "Xcode 3.2";
			developmentRegion = English;
			hasScannedForEncodings = 0;
			knownRegions = (
				en,
			);
			mainGroup = 4147EA431B684D7E001DE517;
			productRefGroup = 4147EA4E1B684D7E001DE517 /* Products */;
			projectDirPath = "";
			projectRoot = "";
			targets = (
				4147EA4C1B684D7E001DE517 /* APIResponseSpoofer */,
				411A35761BC74A7D001D128D /* APIResponseSpooferTests */,
				419430AD1DDA96E700DA65AF /* APIResponseSpoofer iOS UI */,
			);
		};
/* End PBXProject section */

/* Begin PBXResourcesBuildPhase section */
		411A35751BC74A7D001D128D /* Resources */ = {
			isa = PBXResourcesBuildPhase;
			buildActionMask = 2147483647;
			files = (
			);
			runOnlyForDeploymentPostprocessing = 0;
		};
		4147EA4B1B684D7E001DE517 /* Resources */ = {
			isa = PBXResourcesBuildPhase;
			buildActionMask = 2147483647;
			files = (
			);
			runOnlyForDeploymentPostprocessing = 0;
		};
		419430AC1DDA96E700DA65AF /* Resources */ = {
			isa = PBXResourcesBuildPhase;
			buildActionMask = 2147483647;
			files = (
				411E3DF31DDAA7B500686BA2 /* Spoofer.storyboard in Resources */,
			);
			runOnlyForDeploymentPostprocessing = 0;
		};
/* End PBXResourcesBuildPhase section */

/* Begin PBXShellScriptBuildPhase section */
		411E3DF41DDAA7DE00686BA2 /* Carthage Copy Frameworks */ = {
			isa = PBXShellScriptBuildPhase;
			buildActionMask = 2147483647;
			files = (
			);
			inputPaths = (
				"$(SRCROOT)/Carthage/Build/iOS/Realm.framework",
				"$(SRCROOT)/Carthage/Build/iOS/RealmSwift.framework",
			);
			name = "Carthage Copy Frameworks";
			outputPaths = (
			);
			runOnlyForDeploymentPostprocessing = 0;
			shellPath = /bin/sh;
			shellScript = "/usr/local/bin/carthage copy-frameworks";
		};
		415CB18D1C9B3B8E00827A0B /* Elevate TODO's to Warnings */ = {
			isa = PBXShellScriptBuildPhase;
			buildActionMask = 2147483647;
			files = (
			);
			inputPaths = (
			);
			name = "Elevate TODO's to Warnings";
			outputPaths = (
			);
			runOnlyForDeploymentPostprocessing = 0;
			shellPath = /bin/sh;
			shellScript = "# Elevate all TODO's and FIXME's in project to warnings\n${SRCROOT}/scripts/elevate-todos.sh";
		};
		41BF2E451DCBC82E00F26AC7 /* Carthage Copy Frameworks */ = {
			isa = PBXShellScriptBuildPhase;
			buildActionMask = 12;
			files = (
			);
			inputPaths = (
				"$(SRCROOT)/Carthage/Build/iOS/Realm.framework",
				"$(SRCROOT)/Carthage/Build/iOS/RealmSwift.framework",
			);
			name = "Carthage Copy Frameworks";
			outputPaths = (
			);
			runOnlyForDeploymentPostprocessing = 0;
			shellPath = /bin/sh;
			shellScript = "/usr/local/bin/carthage copy-frameworks";
		};
		41BF2E4F1DCC012D00F26AC7 /* Carthage Copy Frameworks */ = {
			isa = PBXShellScriptBuildPhase;
			buildActionMask = 12;
			files = (
			);
			inputPaths = (
				"$(SRCROOT)/Carthage/Build/iOS/Realm.framework",
				"$(SRCROOT)/Carthage/Build/iOS/RealmSwift.framework",
			);
			name = "Carthage Copy Frameworks";
			outputPaths = (
			);
			runOnlyForDeploymentPostprocessing = 0;
			shellPath = /bin/sh;
			shellScript = "/usr/local/bin/carthage copy-frameworks";
		};
/* End PBXShellScriptBuildPhase section */

/* Begin PBXSourcesBuildPhase section */
		411A35731BC74A7D001D128D /* Sources */ = {
			isa = PBXSourcesBuildPhase;
			buildActionMask = 2147483647;
			files = (
				411A357A1BC74A7D001D128D /* DataTests.swift in Sources */,
				41570A801DD6F6570098C2FF /* MiscTests.swift in Sources */,
				41570A7C1DD6F57A0098C2FF /* URLTests.swift in Sources */,
				41570A7E1DD6F5A20098C2FF /* TestingConstants.swift in Sources */,
			);
			runOnlyForDeploymentPostprocessing = 0;
		};
		4147EA481B684D7E001DE517 /* Sources */ = {
			isa = PBXSourcesBuildPhase;
			buildActionMask = 2147483647;
			files = (
				4157440F1DD2426F000F4571 /* SpooferState.swift in Sources */,
				41F87A011DCA547A00B457F4 /* ResponseHeaderItem.swift in Sources */,
				41DFB3E91B70252C00038958 /* URLExtension.swift in Sources */,
				41C012CD1BF3F09C004E54DF /* Spoofer+Replay.swift in Sources */,
				411913251D2369F500D3FB6E /* NetworkInterceptable.swift in Sources */,
				4180391E1BCB73FE004E1534 /* Utility.swift in Sources */,
				410489C21C99D94800E99745 /* Constants.swift in Sources */,
				41F879FD1DC96B5800B457F4 /* DataStore.swift in Sources */,
				4131B8ED1B6DEEB700EAFE04 /* SpooferReplayer.swift in Sources */,
				41B1D1311D2428F000CB450E /* Swizzler.swift in Sources */,
				4172EF2C1D24C2D4006E44C9 /* URLSessionConfigurationExtension.swift in Sources */,
				41F879FF1DC96BE900B457F4 /* Result.swift in Sources */,
				4147EA6A1B684DBD001DE517 /* Spoofer.swift in Sources */,
				41E62FE41DD2ACA500ECC06F /* SpooferStateManager.swift in Sources */,
				41C012CA1BF3F088004E54DF /* Spoofer+Record.swift in Sources */,
				41AA10EC1DC1358000860295 /* APIResponse.swift in Sources */,
				41E04BB41DC41F3900AD8261 /* Scenario.swift in Sources */,
				4147EA6C1B684F15001DE517 /* SpooferRecorder.swift in Sources */,
			);
			runOnlyForDeploymentPostprocessing = 0;
		};
		419430A91DDA96E700DA65AF /* Sources */ = {
			isa = PBXSourcesBuildPhase;
			buildActionMask = 2147483647;
			files = (
				419430CD1DDAA4F300DA65AF /* Result.swift in Sources */,
				419430D61DDAA59200DA65AF /* Spoofer+Replay.swift in Sources */,
				419430C21DDAA25700DA65AF /* Spoofer.swift in Sources */,
				419430CE1DDAA50A00DA65AF /* SpooferState.swift in Sources */,
				419430D51DDAA59200DA65AF /* Spoofer+Record.swift in Sources */,
				419430C91DDAA41E00DA65AF /* DataStore.swift in Sources */,
				419430C51DDAA30B00DA65AF /* URLExtension.swift in Sources */,
				419430B81DDA970800DA65AF /* ScenarioListController.swift in Sources */,
				419430D11DDAA52000DA65AF /* Scenario.swift in Sources */,
				419430DB1DDAA67B00DA65AF /* UITableViewCell.swift in Sources */,
				419430C31DDAA2E900DA65AF /* SpooferRecorder.swift in Sources */,
				419430B71DDA970800DA65AF /* ResponseListController.swift in Sources */,
				419430C41DDAA2F800DA65AF /* NetworkInterceptable.swift in Sources */,
				419430B61DDA970800DA65AF /* EditSettingsViewController.swift in Sources */,
				419430B91DDA970800DA65AF /* SettingsViewController.swift in Sources */,
				419430D41DDAA56100DA65AF /* Swizzler.swift in Sources */,
				419430DA1DDAA67B00DA65AF /* UIProtocols.swift in Sources */,
				419430C11DDAA21E00DA65AF /* SpooferUI.swift in Sources */,
				419430D21DDAA53400DA65AF /* SpooferReplayer.swift in Sources */,
				419430D01DDAA51D00DA65AF /* ResponseHeaderItem.swift in Sources */,
				419430CC1DDAA4DE00DA65AF /* SpooferStateManager.swift in Sources */,
				419430C71DDAA40300DA65AF /* URLSessionConfigurationExtension.swift in Sources */,
				419430CF1DDAA51A00DA65AF /* APIResponse.swift in Sources */,
				419430D31DDAA54200DA65AF /* Utility.swift in Sources */,
				419430C61DDAA3E100DA65AF /* Constants.swift in Sources */,
				419430BA1DDA971200DA65AF /* SwitchWithTextTableViewCell.swift in Sources */,
				419430BD1DDA974800DA65AF /* SwitchWithTextViewModel.swift in Sources */,
			);
			runOnlyForDeploymentPostprocessing = 0;
		};
/* End PBXSourcesBuildPhase section */

/* Begin PBXTargetDependency section */
		411A357E1BC74A7D001D128D /* PBXTargetDependency */ = {
			isa = PBXTargetDependency;
			target = 4147EA4C1B684D7E001DE517 /* APIResponseSpoofer */;
			targetProxy = 411A357D1BC74A7D001D128D /* PBXContainerItemProxy */;
		};
/* End PBXTargetDependency section */

/* Begin XCBuildConfiguration section */
		411A35801BC74A7D001D128D /* Debug */ = {
			isa = XCBuildConfiguration;
			buildSettings = {
				ALWAYS_EMBED_SWIFT_STANDARD_LIBRARIES = YES;
				CODE_SIGN_IDENTITY = "";
				DEBUG_INFORMATION_FORMAT = dwarf;
				DEVELOPMENT_TEAM = H898Y42WAX;
				FRAMEWORK_SEARCH_PATHS = (
					"$(inherited)",
					"$(PROJECT_DIR)/Carthage/Build/iOS",
				);
				INFOPLIST_FILE = "Supporting Files/TestsInfo.plist";
				IPHONEOS_DEPLOYMENT_TARGET = 8.0;
				LD_DYLIB_INSTALL_NAME = "";
				LD_RUNPATH_SEARCH_PATHS = "@executable_path/Frameworks @loader_path/Frameworks";
				"LD_RUNPATH_SEARCH_PATHS[sdk=macosx*]" = "@executable_path/../Frameworks @loader_path/../Frameworks";
				MACOSX_DEPLOYMENT_TARGET = 10.11;
				PRODUCT_BUNDLE_IDENTIFIER = com.hotwire.APIResponseSpooferTests;
				PRODUCT_NAME = "$(TARGET_NAME)";
				SWIFT_VERSION = 3.0;
			};
			name = Debug;
		};
		411A35811BC74A7D001D128D /* Release */ = {
			isa = XCBuildConfiguration;
			buildSettings = {
				ALWAYS_EMBED_SWIFT_STANDARD_LIBRARIES = YES;
				CODE_SIGN_IDENTITY = "";
				DEVELOPMENT_TEAM = H898Y42WAX;
				FRAMEWORK_SEARCH_PATHS = (
					"$(inherited)",
					"$(PROJECT_DIR)/Carthage/Build/iOS",
				);
				INFOPLIST_FILE = "Supporting Files/TestsInfo.plist";
				IPHONEOS_DEPLOYMENT_TARGET = 8.0;
				LD_DYLIB_INSTALL_NAME = "";
				LD_RUNPATH_SEARCH_PATHS = "@executable_path/Frameworks @loader_path/Frameworks";
				"LD_RUNPATH_SEARCH_PATHS[sdk=macosx*]" = "@executable_path/../Frameworks @loader_path/../Frameworks";
				MACOSX_DEPLOYMENT_TARGET = 10.11;
				PRODUCT_BUNDLE_IDENTIFIER = com.hotwire.APIResponseSpooferTests;
				PRODUCT_NAME = "$(TARGET_NAME)";
				SWIFT_VERSION = 3.0;
			};
			name = Release;
		};
		4147EA611B684D7E001DE517 /* Debug */ = {
			isa = XCBuildConfiguration;
			baseConfigurationReference = 4150B4A91DDAEAF2001A168C /* Carthage.xcconfig */;
			buildSettings = {
				ALWAYS_SEARCH_USER_PATHS = NO;
				BITCODE_GENERATION_MODE = marker;
				CLANG_CXX_LANGUAGE_STANDARD = "gnu++0x";
				CLANG_CXX_LIBRARY = "libc++";
				CLANG_ENABLE_MODULES = YES;
				CLANG_ENABLE_OBJC_ARC = YES;
				CLANG_WARN_BOOL_CONVERSION = YES;
				CLANG_WARN_CONSTANT_CONVERSION = YES;
				CLANG_WARN_DIRECT_OBJC_ISA_USAGE = YES_ERROR;
				CLANG_WARN_EMPTY_BODY = YES;
				CLANG_WARN_ENUM_CONVERSION = YES;
				CLANG_WARN_INFINITE_RECURSION = YES;
				CLANG_WARN_INT_CONVERSION = YES;
				CLANG_WARN_OBJC_ROOT_CLASS = YES_ERROR;
				CLANG_WARN_SUSPICIOUS_MOVE = YES;
				CLANG_WARN_UNREACHABLE_CODE = YES;
				CLANG_WARN__DUPLICATE_METHOD_MATCH = YES;
				COPY_PHASE_STRIP = NO;
				CURRENT_PROJECT_VERSION = 1;
				DEBUG_INFORMATION_FORMAT = "dwarf-with-dsym";
				ENABLE_STRICT_OBJC_MSGSEND = YES;
				ENABLE_TESTABILITY = YES;
				GCC_C_LANGUAGE_STANDARD = gnu99;
				GCC_NO_COMMON_BLOCKS = YES;
				GCC_OPTIMIZATION_LEVEL = 0;
				GCC_PREPROCESSOR_DEFINITIONS = (
					"DEBUG=1",
					"$(inherited)",
				);
				GCC_WARN_64_TO_32_BIT_CONVERSION = YES;
				GCC_WARN_ABOUT_RETURN_TYPE = YES_ERROR;
				GCC_WARN_UNDECLARED_SELECTOR = YES;
				GCC_WARN_UNINITIALIZED_AUTOS = YES_AGGRESSIVE;
				GCC_WARN_UNUSED_FUNCTION = YES;
				GCC_WARN_UNUSED_VARIABLE = YES;
				INSTALL_PATH = /Library/Frameworks;
				IPHONEOS_DEPLOYMENT_TARGET = 8.0;
				LD_DYLIB_INSTALL_NAME = "@rpath";
				LD_RUNPATH_SEARCH_PATHS = "@executable_path/Frameworks @loader_path/Frameworks";
				MACOSX_DEPLOYMENT_TARGET = 10.11;
				MTL_ENABLE_DEBUG_INFO = YES;
				ONLY_ACTIVE_ARCH = YES;
				OTHER_SWIFT_FLAGS = "-Xfrontend -debug-time-function-bodies";
				PRODUCT_BUNDLE_IDENTIFIER = com.hotwire;
				SKIP_INSTALL = YES;
				STRIP_STYLE = debugging;
				SUPPORTED_PLATFORMS = "macosx iphoneos appletvos watchos appletvsimulator iphonesimulator watchsimulator";
				SWIFT_OPTIMIZATION_LEVEL = "-Owholemodule";
				TARGETED_DEVICE_FAMILY = "1,2,3,4";
				TVOS_DEPLOYMENT_TARGET = 9.0;
				VERSIONING_SYSTEM = "apple-generic";
				VERSION_INFO_PREFIX = "";
				WATCHOS_DEPLOYMENT_TARGET = 2.0;
			};
			name = Debug;
		};
		4147EA621B684D7E001DE517 /* Release */ = {
			isa = XCBuildConfiguration;
			baseConfigurationReference = 4150B4A91DDAEAF2001A168C /* Carthage.xcconfig */;
			buildSettings = {
				ALWAYS_SEARCH_USER_PATHS = NO;
				BITCODE_GENERATION_MODE = bitcode;
				CLANG_CXX_LANGUAGE_STANDARD = "gnu++0x";
				CLANG_CXX_LIBRARY = "libc++";
				CLANG_ENABLE_MODULES = YES;
				CLANG_ENABLE_OBJC_ARC = YES;
				CLANG_WARN_BOOL_CONVERSION = YES;
				CLANG_WARN_CONSTANT_CONVERSION = YES;
				CLANG_WARN_DIRECT_OBJC_ISA_USAGE = YES_ERROR;
				CLANG_WARN_EMPTY_BODY = YES;
				CLANG_WARN_ENUM_CONVERSION = YES;
				CLANG_WARN_INFINITE_RECURSION = YES;
				CLANG_WARN_INT_CONVERSION = YES;
				CLANG_WARN_OBJC_ROOT_CLASS = YES_ERROR;
				CLANG_WARN_SUSPICIOUS_MOVE = YES;
				CLANG_WARN_UNREACHABLE_CODE = YES;
				CLANG_WARN__DUPLICATE_METHOD_MATCH = YES;
				COPY_PHASE_STRIP = YES;
				CURRENT_PROJECT_VERSION = 1;
				DEBUG_INFORMATION_FORMAT = "dwarf-with-dsym";
				ENABLE_NS_ASSERTIONS = NO;
				ENABLE_STRICT_OBJC_MSGSEND = YES;
				ENABLE_TESTABILITY = NO;
				GCC_C_LANGUAGE_STANDARD = gnu99;
				GCC_NO_COMMON_BLOCKS = YES;
				GCC_WARN_64_TO_32_BIT_CONVERSION = YES;
				GCC_WARN_ABOUT_RETURN_TYPE = YES_ERROR;
				GCC_WARN_UNDECLARED_SELECTOR = YES;
				GCC_WARN_UNINITIALIZED_AUTOS = YES_AGGRESSIVE;
				GCC_WARN_UNUSED_FUNCTION = YES;
				GCC_WARN_UNUSED_VARIABLE = YES;
				INSTALL_PATH = /Library/Frameworks;
				IPHONEOS_DEPLOYMENT_TARGET = 8.0;
				LD_DYLIB_INSTALL_NAME = "@rpath";
				LD_RUNPATH_SEARCH_PATHS = "@executable_path/Frameworks @loader_path/Frameworks";
				MACOSX_DEPLOYMENT_TARGET = 10.11;
				MTL_ENABLE_DEBUG_INFO = NO;
				OTHER_SWIFT_FLAGS = "-Xfrontend -debug-time-function-bodies";
				PRODUCT_BUNDLE_IDENTIFIER = com.hotwire;
				SKIP_INSTALL = YES;
				STRIP_STYLE = debugging;
				SUPPORTED_PLATFORMS = "macosx iphoneos appletvos watchos appletvsimulator iphonesimulator watchsimulator";
				SWIFT_OPTIMIZATION_LEVEL = "-Owholemodule";
				TARGETED_DEVICE_FAMILY = "1,2,3,4";
				TVOS_DEPLOYMENT_TARGET = 9.0;
				VALIDATE_PRODUCT = YES;
				VERSIONING_SYSTEM = "apple-generic";
				VERSION_INFO_PREFIX = "";
				WATCHOS_DEPLOYMENT_TARGET = 2.0;
			};
			name = Release;
		};
		4147EA641B684D7E001DE517 /* Debug */ = {
			isa = XCBuildConfiguration;
			buildSettings = {
				CLANG_ENABLE_MODULES = YES;
				"CODE_SIGN_IDENTITY[sdk=iphoneos*]" = "";
				DEFINES_MODULE = YES;
				DYLIB_COMPATIBILITY_VERSION = 1;
				DYLIB_CURRENT_VERSION = 1;
				DYLIB_INSTALL_NAME_BASE = "@rpath";
				FRAMEWORK_SEARCH_PATHS = (
					"$(inherited)",
					"$(PROJECT_DIR)/Carthage/Build/iOS",
				);
				INFOPLIST_FILE = "Supporting Files/Info.plist";
				INSTALL_PATH = "$(LOCAL_LIBRARY_DIR)/Frameworks";
				LD_DYLIB_INSTALL_NAME = "$(DYLIB_INSTALL_NAME_BASE:standardizepath)/$(EXECUTABLE_PATH)";
				MACOSX_DEPLOYMENT_TARGET = 10.11;
				ONLY_ACTIVE_ARCH = YES;
				PRODUCT_BUNDLE_IDENTIFIER = com.hotwire.apiresponsespoofer;
				PRODUCT_NAME = "$(TARGET_NAME)";
				SKIP_INSTALL = YES;
				SWIFT_VERSION = 3.0;
			};
			name = Debug;
		};
		4147EA651B684D7E001DE517 /* Release */ = {
			isa = XCBuildConfiguration;
			buildSettings = {
				CLANG_ENABLE_MODULES = YES;
				"CODE_SIGN_IDENTITY[sdk=iphoneos*]" = "";
				DEFINES_MODULE = YES;
				DYLIB_COMPATIBILITY_VERSION = 1;
				DYLIB_CURRENT_VERSION = 1;
				DYLIB_INSTALL_NAME_BASE = "@rpath";
				FRAMEWORK_SEARCH_PATHS = (
					"$(inherited)",
					"$(PROJECT_DIR)/Carthage/Build/iOS",
				);
				INFOPLIST_FILE = "Supporting Files/Info.plist";
				INSTALL_PATH = "$(LOCAL_LIBRARY_DIR)/Frameworks";
				LD_DYLIB_INSTALL_NAME = "$(DYLIB_INSTALL_NAME_BASE:standardizepath)/$(EXECUTABLE_PATH)";
				MACOSX_DEPLOYMENT_TARGET = 10.11;
				PRODUCT_BUNDLE_IDENTIFIER = com.hotwire.apiresponsespoofer;
				PRODUCT_NAME = "$(TARGET_NAME)";
				SKIP_INSTALL = YES;
				SWIFT_VERSION = 3.0;
			};
			name = Release;
		};
		419430B31DDA96E700DA65AF /* Debug */ = {
			isa = XCBuildConfiguration;
			buildSettings = {
				CLANG_ANALYZER_NONNULL = YES;
				CLANG_WARN_DOCUMENTATION_COMMENTS = YES;
				CLANG_WARN_SUSPICIOUS_MOVES = YES;
				CODE_SIGN_IDENTITY = "";
				"CODE_SIGN_IDENTITY[sdk=iphoneos*]" = "";
				DEBUG_INFORMATION_FORMAT = dwarf;
				DEFINES_MODULE = YES;
				DEVELOPMENT_TEAM = H898Y42WAX;
				DYLIB_COMPATIBILITY_VERSION = 1;
				DYLIB_CURRENT_VERSION = 1;
				DYLIB_INSTALL_NAME_BASE = "@rpath";
				FRAMEWORK_SEARCH_PATHS = (
					"$(inherited)",
					"$(PROJECT_DIR)/Carthage/Build/iOS",
				);
				GCC_DYNAMIC_NO_PIC = NO;
				INFOPLIST_FILE = "$(SRCROOT)/Supporting Files/iOS UI/Info.plist";
				INSTALL_PATH = "$(LOCAL_LIBRARY_DIR)/Frameworks";
				IPHONEOS_DEPLOYMENT_TARGET = 8.0;
				PRODUCT_BUNDLE_IDENTIFIER = "com.hotwire.APIResponseSpoofer-iOS-UI";
				PRODUCT_NAME = APIResponseSpoofer_iOS_UI;
				SDKROOT = iphoneos;
				SKIP_INSTALL = YES;
				SUPPORTED_PLATFORMS = "iphonesimulator iphoneos";
				SWIFT_ACTIVE_COMPILATION_CONDITIONS = DEBUG;
				SWIFT_OPTIMIZATION_LEVEL = "-Onone";
				SWIFT_VERSION = 3.0;
				TARGETED_DEVICE_FAMILY = "1,2";
			};
			name = Debug;
		};
		419430B41DDA96E700DA65AF /* Release */ = {
			isa = XCBuildConfiguration;
			buildSettings = {
				CLANG_ANALYZER_NONNULL = YES;
				CLANG_WARN_DOCUMENTATION_COMMENTS = YES;
				CLANG_WARN_SUSPICIOUS_MOVES = YES;
				CODE_SIGN_IDENTITY = "";
				COPY_PHASE_STRIP = NO;
				DEFINES_MODULE = YES;
				DEVELOPMENT_TEAM = H898Y42WAX;
				DYLIB_COMPATIBILITY_VERSION = 1;
				DYLIB_CURRENT_VERSION = 1;
				DYLIB_INSTALL_NAME_BASE = "@rpath";
				FRAMEWORK_SEARCH_PATHS = (
					"$(inherited)",
					"$(PROJECT_DIR)/Carthage/Build/iOS",
				);
				INFOPLIST_FILE = "$(SRCROOT)/Supporting Files/iOS UI/Info.plist";
				INSTALL_PATH = "$(LOCAL_LIBRARY_DIR)/Frameworks";
				IPHONEOS_DEPLOYMENT_TARGET = 8.0;
				PRODUCT_BUNDLE_IDENTIFIER = "com.hotwire.APIResponseSpoofer-iOS-UI";
				PRODUCT_NAME = APIResponseSpoofer_iOS_UI;
				SDKROOT = iphoneos;
				SKIP_INSTALL = YES;
				SUPPORTED_PLATFORMS = "iphonesimulator iphoneos";
				SWIFT_VERSION = 3.0;
				TARGETED_DEVICE_FAMILY = "1,2";
			};
			name = Release;
		};
/* End XCBuildConfiguration section */

/* Begin XCConfigurationList section */
		411A357F1BC74A7D001D128D /* Build configuration list for PBXNativeTarget "APIResponseSpooferTests" */ = {
			isa = XCConfigurationList;
			buildConfigurations = (
				411A35801BC74A7D001D128D /* Debug */,
				411A35811BC74A7D001D128D /* Release */,
			);
			defaultConfigurationIsVisible = 0;
			defaultConfigurationName = Release;
		};
		4147EA471B684D7E001DE517 /* Build configuration list for PBXProject "APIResponseSpoofer" */ = {
			isa = XCConfigurationList;
			buildConfigurations = (
				4147EA611B684D7E001DE517 /* Debug */,
				4147EA621B684D7E001DE517 /* Release */,
			);
			defaultConfigurationIsVisible = 0;
			defaultConfigurationName = Release;
		};
		4147EA631B684D7E001DE517 /* Build configuration list for PBXNativeTarget "APIResponseSpoofer" */ = {
			isa = XCConfigurationList;
			buildConfigurations = (
				4147EA641B684D7E001DE517 /* Debug */,
				4147EA651B684D7E001DE517 /* Release */,
			);
			defaultConfigurationIsVisible = 0;
			defaultConfigurationName = Release;
		};
		419430B51DDA96E700DA65AF /* Build configuration list for PBXNativeTarget "APIResponseSpoofer iOS UI" */ = {
			isa = XCConfigurationList;
			buildConfigurations = (
				419430B31DDA96E700DA65AF /* Debug */,
				419430B41DDA96E700DA65AF /* Release */,
			);
			defaultConfigurationIsVisible = 0;
			defaultConfigurationName = Release;
		};
/* End XCConfigurationList section */
	};
	rootObject = 4147EA441B684D7E001DE517 /* Project object */;
}
